
Microsoft Visual Studio Solution File, Format Version 12.00
# Visual Studio Version 16
VisualStudioVersion = 16.0.29728.190
MinimumVisualStudioVersion = 10.0.40219.1
Project("{FAE04EC0-301F-11D3-BF4B-00C04F79EFBC}") = "CCSS.CORE", "CCSS.CORE\CCSS.CORE.csproj", "{A678EF96-5534-4358-931F-D90C9A99EEF7}"
EndProject
Project("{FAE04EC0-301F-11D3-BF4B-00C04F79EFBC}") = "CCSS.CORE.MODEL", "CCSS.CORE.MODEL\CCSS.CORE.MODEL.csproj", "{628981D2-77C6-490F-A082-E8D80ABEB70D}"
EndProject
Project("{FAE04EC0-301F-11D3-BF4B-00C04F79EFBC}") = "CCSS.CORE.SERVICE", "CCSS.CORE.SERVICE\CCSS.CORE.SERVICE.csproj", "{16B7881F-BB76-43C8-8F76-67B66A018504}"
EndProject
Project("{FAE04EC0-301F-11D3-BF4B-00C04F79EFBC}") = "CCSS.CORE.DTO", "CCSS.CORE.DTO\CCSS.CORE.DTO.csproj", "{8CA7014E-74CB-4353-82E7-3E9253E32B1C}"
EndProject
Project("{FAE04EC0-301F-11D3-BF4B-00C04F79EFBC}") = "CCSS.CORE.REPOSITORY", "CCSS.CORE.REPOSITORY\CCSS.CORE.REPOSITORY.csproj", "{DB123F48-B2AD-417E-8FEB-B2C68BD53889}"
EndProject
Project("{FAE04EC0-301F-11D3-BF4B-00C04F79EFBC}") = "CCSS.CORE.UTILS", "CCSS.CORE.UTILS\CCSS.CORE.UTILS.csproj", "{4A53C0BD-CC38-4E65-A1CC-C1BDC1C1FA4E}"
EndProject
Global
	GlobalSection(SolutionConfigurationPlatforms) = preSolution
		Debug|Any CPU = Debug|Any CPU
		Release|Any CPU = Release|Any CPU
	EndGlobalSection
	GlobalSection(ProjectConfigurationPlatforms) = postSolution
		{A678EF96-5534-4358-931F-D90C9A99EEF7}.Debug|Any CPU.ActiveCfg = Debug|Any CPU
		{A678EF96-5534-4358-931F-D90C9A99EEF7}.Debug|Any CPU.Build.0 = Debug|Any CPU
		{A678EF96-5534-4358-931F-D90C9A99EEF7}.Release|Any CPU.ActiveCfg = Release|Any CPU
		{A678EF96-5534-4358-931F-D90C9A99EEF7}.Release|Any CPU.Build.0 = Release|Any CPU
		{628981D2-77C6-490F-A082-E8D80ABEB70D}.Debug|Any CPU.ActiveCfg = Debug|Any CPU
		{628981D2-77C6-490F-A082-E8D80ABEB70D}.Debug|Any CPU.Build.0 = Debug|Any CPU
		{628981D2-77C6-490F-A082-E8D80ABEB70D}.Release|Any CPU.ActiveCfg = Release|Any CPU
		{628981D2-77C6-490F-A082-E8D80ABEB70D}.Release|Any CPU.Build.0 = Release|Any CPU
		{16B7881F-BB76-43C8-8F76-67B66A018504}.Debug|Any CPU.ActiveCfg = Debug|Any CPU
		{16B7881F-BB76-43C8-8F76-67B66A018504}.Debug|Any CPU.Build.0 = Debug|Any CPU
		{16B7881F-BB76-43C8-8F76-67B66A018504}.Release|Any CPU.ActiveCfg = Release|Any CPU
		{16B7881F-BB76-43C8-8F76-67B66A018504}.Release|Any CPU.Build.0 = Release|Any CPU
		{8CA7014E-74CB-4353-82E7-3E9253E32B1C}.Debug|Any CPU.ActiveCfg = Debug|Any CPU
		{8CA7014E-74CB-4353-82E7-3E9253E32B1C}.Debug|Any CPU.Build.0 = Debug|Any CPU
		{8CA7014E-74CB-4353-82E7-3E9253E32B1C}.Release|Any CPU.ActiveCfg = Release|Any CPU
		{8CA7014E-74CB-4353-82E7-3E9253E32B1C}.Release|Any CPU.Build.0 = Release|Any CPU
		{DB123F48-B2AD-417E-8FEB-B2C68BD53889}.Debug|Any CPU.ActiveCfg = Debug|Any CPU
		{DB123F48-B2AD-417E-8FEB-B2C68BD53889}.Debug|Any CPU.Build.0 = Debug|Any CPU
		{DB123F48-B2AD-417E-8FEB-B2C68BD53889}.Release|Any CPU.ActiveCfg = Release|Any CPU
		{DB123F48-B2AD-417E-8FEB-B2C68BD53889}.Release|Any CPU.Build.0 = Release|Any CPU
		{4A53C0BD-CC38-4E65-A1CC-C1BDC1C1FA4E}.Debug|Any CPU.ActiveCfg = Debug|Any CPU
		{4A53C0BD-CC38-4E65-A1CC-C1BDC1C1FA4E}.Debug|Any CPU.Build.0 = Debug|Any CPU
		{4A53C0BD-CC38-4E65-A1CC-C1BDC1C1FA4E}.Release|Any CPU.ActiveCfg = Release|Any CPU
		{4A53C0BD-CC38-4E65-A1CC-C1BDC1C1FA4E}.Release|Any CPU.Build.0 = Release|Any CPU
	EndGlobalSection
	GlobalSection(SolutionProperties) = preSolution
		HideSolutionNode = FALSE
	EndGlobalSection
	GlobalSection(ExtensibilityGlobals) = postSolution
		SolutionGuid = {932F2C61-7EC8-4CC3-8F86-07BDE0772A61}
	EndGlobalSection
EndGlobal
